// !$*UTF8*$!
{
	archiveVersion = 1;
	classes = {
	};
	objectVersion = 77;
	objects = {

/* Begin PBXContainerItemProxy section */
		526B2D562E5774F00051C185 /* PBXContainerItemProxy */ = {
			isa = PBXContainerItemProxy;
			containerPortal = 526B2D3A2E5774EE0051C185 /* Project object */;
			proxyType = 1;
			remoteGlobalIDString = 526B2D412E5774EE0051C185;
			remoteInfo = barcode_scanner;
		};
		526B2D602E5774F00051C185 /* PBXContainerItemProxy */ = {
			isa = PBXContainerItemProxy;
			containerPortal = 526B2D3A2E5774EE0051C185 /* Project object */;
			proxyType = 1;
			remoteGlobalIDString = 526B2D412E5774EE0051C185;
			remoteInfo = barcode_scanner;
		};
/* End PBXContainerItemProxy section */

/* Begin PBXFileReference section */
		526B2D422E5774EE0051C185 /* barcode_scanner.app */ = {isa = PBXFileReference; explicitFileType = wrapper.application; includeInIndex = 0; path = barcode_scanner.app; sourceTree = BUILT_PRODUCTS_DIR; };
		526B2D552E5774F00051C185 /* barcode_scannerTests.xctest */ = {isa = PBXFileReference; explicitFileType = wrapper.cfbundle; includeInIndex = 0; path = barcode_scannerTests.xctest; sourceTree = BUILT_PRODUCTS_DIR; };
		526B2D5F2E5774F00051C185 /* barcode_scannerUITests.xctest */ = {isa = PBXFileReference; explicitFileType = wrapper.cfbundle; includeInIndex = 0; path = barcode_scannerUITests.xctest; sourceTree = BUILT_PRODUCTS_DIR; };
/* End PBXFileReference section */

/* Begin PBXFileSystemSynchronizedBuildFileExceptionSet section */
		52D8AE172E589F7100D0C11C /* Exceptions for "barcode_scanner" folder in "barcode_scanner" target */ = {
			isa = PBXFileSystemSynchronizedBuildFileExceptionSet;
			membershipExceptions = (
				barcode_scanner.xcdatamodeld,
			);
			target = 526B2D412E5774EE0051C185 /* barcode_scanner */;
		};
/* End PBXFileSystemSynchronizedBuildFileExceptionSet section */

/* Begin PBXFileSystemSynchronizedGroupBuildPhaseMembershipExceptionSet section */
		52D8AE182E589F7100D0C11C /* Exceptions for "barcode_scanner" folder in "Compile Sources" phase from "barcode_scanner" target */ = {
			isa = PBXFileSystemSynchronizedGroupBuildPhaseMembershipExceptionSet;
			buildPhase = 526B2D3E2E5774EE0051C185 /* Sources */;
			membershipExceptions = (
				barcode_scanner.xcdatamodeld,
			);
		};
/* End PBXFileSystemSynchronizedGroupBuildPhaseMembershipExceptionSet section */

/* Begin PBXFileSystemSynchronizedRootGroup section */
		526B2D582E5774F00051C185 /* barcode_scannerTests */ = {
			isa = PBXFileSystemSynchronizedRootGroup;
			path = barcode_scannerTests;
			sourceTree = "<group>";
		};
		526B2D622E5774F00051C185 /* barcode_scannerUITests */ = {
			isa = PBXFileSystemSynchronizedRootGroup;
			path = barcode_scannerUITests;
			sourceTree = "<group>";
		};
		52D8AE0D2E589F7100D0C11C /* barcode_scanner */ = {
			isa = PBXFileSystemSynchronizedRootGroup;
			exceptions = (
				52D8AE172E589F7100D0C11C /* Exceptions for "barcode_scanner" folder in "barcode_scanner" target */,
				52D8AE182E589F7100D0C11C /* Exceptions for "barcode_scanner" folder in "Compile Sources" phase from "barcode_scanner" target */,
			);
			path = barcode_scanner;
			sourceTree = "<group>";
		};
/* End PBXFileSystemSynchronizedRootGroup section */

/* Begin PBXFrameworksBuildPhase section */
		526B2D3F2E5774EE0051C185 /* Frameworks */ = {
			isa = PBXFrameworksBuildPhase;
			buildActionMask = 2147483647;
			files = (
			);
			runOnlyForDeploymentPostprocessing = 0;
		};
		526B2D522E5774F00051C185 /* Frameworks */ = {
			isa = PBXFrameworksBuildPhase;
			buildActionMask = 2147483647;
			files = (
			);
			runOnlyForDeploymentPostprocessing = 0;
		};
		526B2D5C2E5774F00051C185 /* Frameworks */ = {
			isa = PBXFrameworksBuildPhase;
			buildActionMask = 2147483647;
			files = (
			);
			runOnlyForDeploymentPostprocessing = 0;
		};
/* End PBXFrameworksBuildPhase section */

/* Begin PBXGroup section */
		526B2D392E5774EE0051C185 = {
			isa = PBXGroup;
			children = (
				52D8AE0D2E589F7100D0C11C /* barcode_scanner */,
				526B2D582E5774F00051C185 /* barcode_scannerTests */,
				526B2D622E5774F00051C185 /* barcode_scannerUITests */,
				526B2D432E5774EE0051C185 /* Products */,
			);
			sourceTree = "<group>";
		};
		526B2D432E5774EE0051C185 /* Products */ = {
			isa = PBXGroup;
			children = (
				526B2D422E5774EE0051C185 /* barcode_scanner.app */,
				526B2D552E5774F00051C185 /* barcode_scannerTests.xctest */,
				526B2D5F2E5774F00051C185 /* barcode_scannerUITests.xctest */,
			);
			name = Products;
			sourceTree = "<group>";
		};
/* End PBXGroup section */

/* Begin PBXNativeTarget section */
		526B2D412E5774EE0051C185 /* barcode_scanner */ = {
			isa = PBXNativeTarget;
			buildConfigurationList = 526B2D692E5774F10051C185 /* Build configuration list for PBXNativeTarget "barcode_scanner" */;
			buildPhases = (
				526B2D3E2E5774EE0051C185 /* Sources */,
				526B2D3F2E5774EE0051C185 /* Frameworks */,
				526B2D402E5774EE0051C185 /* Resources */,
			);
			buildRules = (
			);
			dependencies = (
			);
			fileSystemSynchronizedGroups = (
				52D8AE0D2E589F7100D0C11C /* barcode_scanner */,
			);
			name = barcode_scanner;
			packageProductDependencies = (
			);
			productName = barcode_scanner;
			productReference = 526B2D422E5774EE0051C185 /* barcode_scanner.app */;
			productType = "com.apple.product-type.application";
		};
		526B2D542E5774F00051C185 /* barcode_scannerTests */ = {
			isa = PBXNativeTarget;
			buildConfigurationList = 526B2D6C2E5774F10051C185 /* Build configuration list for PBXNativeTarget "barcode_scannerTests" */;
			buildPhases = (
				526B2D512E5774F00051C185 /* Sources */,
				526B2D522E5774F00051C185 /* Frameworks */,
				526B2D532E5774F00051C185 /* Resources */,
			);
			buildRules = (
			);
			dependencies = (
				526B2D572E5774F00051C185 /* PBXTargetDependency */,
			);
			fileSystemSynchronizedGroups = (
				526B2D582E5774F00051C185 /* barcode_scannerTests */,
			);
			name = barcode_scannerTests;
			packageProductDependencies = (
			);
			productName = barcode_scannerTests;
			productReference = 526B2D552E5774F00051C185 /* barcode_scannerTests.xctest */;
			productType = "com.apple.product-type.bundle.unit-test";
		};
		526B2D5E2E5774F00051C185 /* barcode_scannerUITests */ = {
			isa = PBXNativeTarget;
			buildConfigurationList = 526B2D6F2E5774F10051C185 /* Build configuration list for PBXNativeTarget "barcode_scannerUITests" */;
			buildPhases = (
				526B2D5B2E5774F00051C185 /* Sources */,
				526B2D5C2E5774F00051C185 /* Frameworks */,
				526B2D5D2E5774F00051C185 /* Resources */,
			);
			buildRules = (
			);
			dependencies = (
				526B2D612E5774F00051C185 /* PBXTargetDependency */,
			);
			fileSystemSynchronizedGroups = (
				526B2D622E5774F00051C185 /* barcode_scannerUITests */,
			);
			name = barcode_scannerUITests;
			packageProductDependencies = (
			);
			productName = barcode_scannerUITests;
			productReference = 526B2D5F2E5774F00051C185 /* barcode_scannerUITests.xctest */;
			productType = "com.apple.product-type.bundle.ui-testing";
		};
/* End PBXNativeTarget section */

/* Begin PBXProject section */
		526B2D3A2E5774EE0051C185 /* Project object */ = {
			isa = PBXProject;
			attributes = {
				BuildIndependentTargetsInParallel = 1;
				LastSwiftUpdateCheck = 1630;
				LastUpgradeCheck = 1630;
				TargetAttributes = {
					526B2D412E5774EE0051C185 = {
						CreatedOnToolsVersion = 16.3;
					};
					526B2D542E5774F00051C185 = {
						CreatedOnToolsVersion = 16.3;
						TestTargetID = 526B2D412E5774EE0051C185;
					};
					526B2D5E2E5774F00051C185 = {
						CreatedOnToolsVersion = 16.3;
						TestTargetID = 526B2D412E5774EE0051C185;
					};
				};
			};
			buildConfigurationList = 526B2D3D2E5774EE0051C185 /* Build configuration list for PBXProject "barcode_scanner" */;
			developmentRegion = en;
			hasScannedForEncodings = 0;
			knownRegions = (
				en,
				Base,
			);
			mainGroup = 526B2D392E5774EE0051C185;
			minimizedProjectReferenceProxies = 1;
			preferredProjectObjectVersion = 77;
			productRefGroup = 526B2D432E5774EE0051C185 /* Products */;
			projectDirPath = "";
			projectRoot = "";
			targets = (
				526B2D412E5774EE0051C185 /* barcode_scanner */,
				526B2D542E5774F00051C185 /* barcode_scannerTests */,
				526B2D5E2E5774F00051C185 /* barcode_scannerUITests */,
			);
		};
/* End PBXProject section */

/* Begin PBXResourcesBuildPhase section */
		526B2D402E5774EE0051C185 /* Resources */ = {
			isa = PBXResourcesBuildPhase;
			buildActionMask = 2147483647;
			files = (
			);
			runOnlyForDeploymentPostprocessing = 0;
		};
		526B2D532E5774F00051C185 /* Resources */ = {
			isa = PBXResourcesBuildPhase;
			buildActionMask = 2147483647;
			files = (
			);
			runOnlyForDeploymentPostprocessing = 0;
		};
		526B2D5D2E5774F00051C185 /* Resources */ = {
			isa = PBXResourcesBuildPhase;
			buildActionMask = 2147483647;
			files = (
			);
			runOnlyForDeploymentPostprocessing = 0;
		};
/* End PBXResourcesBuildPhase section */

/* Begin PBXSourcesBuildPhase section */
		526B2D3E2E5774EE0051C185 /* Sources */ = {
			isa = PBXSourcesBuildPhase;
			buildActionMask = 2147483647;
			files = (
			);
			runOnlyForDeploymentPostprocessing = 0;
		};
		526B2D512E5774F00051C185 /* Sources */ = {
			isa = PBXSourcesBuildPhase;
			buildActionMask = 2147483647;
			files = (
			);
			runOnlyForDeploymentPostprocessing = 0;
		};
		526B2D5B2E5774F00051C185 /* Sources */ = {
			isa = PBXSourcesBuildPhase;
			buildActionMask = 2147483647;
			files = (
			);
			runOnlyForDeploymentPostprocessing = 0;
		};
/* End PBXSourcesBuildPhase section */

/* Begin PBXTargetDependency section */
		526B2D572E5774F00051C185 /* PBXTargetDependency */ = {
			isa = PBXTargetDependency;
			target = 526B2D412E5774EE0051C185 /* barcode_scanner */;
			targetProxy = 526B2D562E5774F00051C185 /* PBXContainerItemProxy */;
		};
		526B2D612E5774F00051C185 /* PBXTargetDependency */ = {
			isa = PBXTargetDependency;
			target = 526B2D412E5774EE0051C185 /* barcode_scanner */;
			targetProxy = 526B2D602E5774F00051C185 /* PBXContainerItemProxy */;
		};
/* End PBXTargetDependency section */

/* Begin XCBuildConfiguration section */
		526B2D672E5774F00051C185 /* Debug */ = {
			isa = XCBuildConfiguration;
			buildSettings = {
				ALWAYS_SEARCH_USER_PATHS = NO;
				ASSETCATALOG_COMPILER_GENERATE_SWIFT_ASSET_SYMBOL_EXTENSIONS = YES;
				CLANG_ANALYZER_NONNULL = YES;
				CLANG_ANALYZER_NUMBER_OBJECT_CONVERSION = YES_AGGRESSIVE;
				CLANG_CXX_LANGUAGE_STANDARD = "gnu++20";
				CLANG_ENABLE_MODULES = YES;
				CLANG_ENABLE_OBJC_ARC = YES;
				CLANG_ENABLE_OBJC_WEAK = YES;
				CLANG_WARN_BLOCK_CAPTURE_AUTORELEASING = YES;
				CLANG_WARN_BOOL_CONVERSION = YES;
				CLANG_WARN_COMMA = YES;
				CLANG_WARN_CONSTANT_CONVERSION = YES;
				CLANG_WARN_DEPRECATED_OBJC_IMPLEMENTATIONS = YES;
				CLANG_WARN_DIRECT_OBJC_ISA_USAGE = YES_ERROR;
				CLANG_WARN_DOCUMENTATION_COMMENTS = YES;
				CLANG_WARN_EMPTY_BODY = YES;
				CLANG_WARN_ENUM_CONVERSION = YES;
				CLANG_WARN_INFINITE_RECURSION = YES;
				CLANG_WARN_INT_CONVERSION = YES;
				CLANG_WARN_NON_LITERAL_NULL_CONVERSION = YES;
				CLANG_WARN_OBJC_IMPLICIT_RETAIN_SELF = YES;
				CLANG_WARN_OBJC_LITERAL_CONVERSION = YES;
				CLANG_WARN_OBJC_ROOT_CLASS = YES_ERROR;
				CLANG_WARN_QUOTED_INCLUDE_IN_FRAMEWORK_HEADER = YES;
				CLANG_WARN_RANGE_LOOP_ANALYSIS = YES;
				CLANG_WARN_STRICT_PROTOTYPES = YES;
				CLANG_WARN_SUSPICIOUS_MOVE = YES;
				CLANG_WARN_UNGUARDED_AVAILABILITY = YES_AGGRESSIVE;
				CLANG_WARN_UNREACHABLE_CODE = YES;
				CLANG_WARN__DUPLICATE_METHOD_MATCH = YES;
				COPY_PHASE_STRIP = NO;
				DEBUG_INFORMATION_FORMAT = dwarf;
				DEVELOPMENT_TEAM = 6WBT5SBFY4;
				ENABLE_STRICT_OBJC_MSGSEND = YES;
				ENABLE_TESTABILITY = YES;
				ENABLE_USER_SCRIPT_SANDBOXING = YES;
				GCC_C_LANGUAGE_STANDARD = gnu17;
				GCC_DYNAMIC_NO_PIC = NO;
				GCC_NO_COMMON_BLOCKS = YES;
				GCC_OPTIMIZATION_LEVEL = 0;
				GCC_PREPROCESSOR_DEFINITIONS = (
					"DEBUG=1",
					"$(inherited)",
				);
				GCC_WARN_64_TO_32_BIT_CONVERSION = YES;
				GCC_WARN_ABOUT_RETURN_TYPE = YES_ERROR;
				GCC_WARN_UNDECLARED_SELECTOR = YES;
				GCC_WARN_UNINITIALIZED_AUTOS = YES_AGGRESSIVE;
				GCC_WARN_UNUSED_FUNCTION = YES;
				GCC_WARN_UNUSED_VARIABLE = YES;
				INFOPLIST_KEY_NSCalendarsUsageDescription = "";
				INFOPLIST_KEY_NSCameraUsageDescription = "We need to use the camera to scan barcode";
				LOCALIZATION_PREFERS_STRING_CATALOGS = YES;
				MTL_ENABLE_DEBUG_INFO = INCLUDE_SOURCE;
				MTL_FAST_MATH = YES;
				ONLY_ACTIVE_ARCH = YES;
				SWIFT_ACTIVE_COMPILATION_CONDITIONS = "DEBUG $(inherited)";
				SWIFT_OPTIMIZATION_LEVEL = "-Onone";
			};
			name = Debug;
		};
		526B2D682E5774F00051C185 /* Release */ = {
			isa = XCBuildConfiguration;
			buildSettings = {
				ALWAYS_SEARCH_USER_PATHS = NO;
				ASSETCATALOG_COMPILER_GENERATE_SWIFT_ASSET_SYMBOL_EXTENSIONS = YES;
				CLANG_ANALYZER_NONNULL = YES;
				CLANG_ANALYZER_NUMBER_OBJECT_CONVERSION = YES_AGGRESSIVE;
				CLANG_CXX_LANGUAGE_STANDARD = "gnu++20";
				CLANG_ENABLE_MODULES = YES;
				CLANG_ENABLE_OBJC_ARC = YES;
				CLANG_ENABLE_OBJC_WEAK = YES;
				CLANG_WARN_BLOCK_CAPTURE_AUTORELEASING = YES;
				CLANG_WARN_BOOL_CONVERSION = YES;
				CLANG_WARN_COMMA = YES;
				CLANG_WARN_CONSTANT_CONVERSION = YES;
				CLANG_WARN_DEPRECATED_OBJC_IMPLEMENTATIONS = YES;
				CLANG_WARN_DIRECT_OBJC_ISA_USAGE = YES_ERROR;
				CLANG_WARN_DOCUMENTATION_COMMENTS = YES;
				CLANG_WARN_EMPTY_BODY = YES;
				CLANG_WARN_ENUM_CONVERSION = YES;
				CLANG_WARN_INFINITE_RECURSION = YES;
				CLANG_WARN_INT_CONVERSION = YES;
				CLANG_WARN_NON_LITERAL_NULL_CONVERSION = YES;
				CLANG_WARN_OBJC_IMPLICIT_RETAIN_SELF = YES;
				CLANG_WARN_OBJC_LITERAL_CONVERSION = YES;
				CLANG_WARN_OBJC_ROOT_CLASS = YES_ERROR;
				CLANG_WARN_QUOTED_INCLUDE_IN_FRAMEWORK_HEADER = YES;
				CLANG_WARN_RANGE_LOOP_ANALYSIS = YES;
				CLANG_WARN_STRICT_PROTOTYPES = YES;
				CLANG_WARN_SUSPICIOUS_MOVE = YES;
				CLANG_WARN_UNGUARDED_AVAILABILITY = YES_AGGRESSIVE;
				CLANG_WARN_UNREACHABLE_CODE = YES;
				CLANG_WARN__DUPLICATE_METHOD_MATCH = YES;
				COPY_PHASE_STRIP = NO;
				DEBUG_INFORMATION_FORMAT = "dwarf-with-dsym";
				DEVELOPMENT_TEAM = 6WBT5SBFY4;
				ENABLE_NS_ASSERTIONS = NO;
				ENABLE_STRICT_OBJC_MSGSEND = YES;
				ENABLE_USER_SCRIPT_SANDBOXING = YES;
				GCC_C_LANGUAGE_STANDARD = gnu17;
				GCC_NO_COMMON_BLOCKS = YES;
				GCC_WARN_64_TO_32_BIT_CONVERSION = YES;
				GCC_WARN_ABOUT_RETURN_TYPE = YES_ERROR;
				GCC_WARN_UNDECLARED_SELECTOR = YES;
				GCC_WARN_UNINITIALIZED_AUTOS = YES_AGGRESSIVE;
				GCC_WARN_UNUSED_FUNCTION = YES;
				GCC_WARN_UNUSED_VARIABLE = YES;
				INFOPLIST_KEY_NSCalendarsUsageDescription = "";
				INFOPLIST_KEY_NSCameraUsageDescription = "We need to use the camera to scan barcode";
				LOCALIZATION_PREFERS_STRING_CATALOGS = YES;
				MTL_ENABLE_DEBUG_INFO = NO;
				MTL_FAST_MATH = YES;
				SWIFT_COMPILATION_MODE = wholemodule;
			};
			name = Release;
		};
		526B2D6A2E5774F10051C185 /* Debug */ = {
			isa = XCBuildConfiguration;
			buildSettings = {
				ASSETCATALOG_COMPILER_APPICON_NAME = AppIcon;
				ASSETCATALOG_COMPILER_GLOBAL_ACCENT_COLOR_NAME = AccentColor;
				CODE_SIGN_ENTITLEMENTS = barcode_scanner/barcode_scanner.entitlements;
				CODE_SIGN_STYLE = Automatic;
				CURRENT_PROJECT_VERSION = 1;
				DEVELOPMENT_TEAM = 6WBT5SBFY4;
				ENABLE_HARDENED_RUNTIME = YES;
				ENABLE_PREVIEWS = YES;
				GENERATE_INFOPLIST_FILE = YES;
				"INFOPLIST_KEY_UIApplicationSceneManifest_Generation[sdk=iphoneos*]" = YES;
				"INFOPLIST_KEY_UIApplicationSceneManifest_Generation[sdk=iphonesimulator*]" = YES;
				"INFOPLIST_KEY_UIApplicationSupportsIndirectInputEvents[sdk=iphoneos*]" = YES;
				"INFOPLIST_KEY_UIApplicationSupportsIndirectInputEvents[sdk=iphonesimulator*]" = YES;
				"INFOPLIST_KEY_UILaunchScreen_Generation[sdk=iphoneos*]" = YES;
				"INFOPLIST_KEY_UILaunchScreen_Generation[sdk=iphonesimulator*]" = YES;
				"INFOPLIST_KEY_UIStatusBarStyle[sdk=iphoneos*]" = UIStatusBarStyleDefault;
				"INFOPLIST_KEY_UIStatusBarStyle[sdk=iphonesimulator*]" = UIStatusBarStyleDefault;
				INFOPLIST_KEY_UISupportedInterfaceOrientations_iPad = "UIInterfaceOrientationPortrait UIInterfaceOrientationPortraitUpsideDown UIInterfaceOrientationLandscapeLeft UIInterfaceOrientationLandscapeRight";
				INFOPLIST_KEY_UISupportedInterfaceOrientations_iPhone = "UIInterfaceOrientationPortrait UIInterfaceOrientationLandscapeLeft UIInterfaceOrientationLandscapeRight";
				IPHONEOS_DEPLOYMENT_TARGET = 18.4;
				LD_RUNPATH_SEARCH_PATHS = "@executable_path/Frameworks";
				"LD_RUNPATH_SEARCH_PATHS[sdk=macosx*]" = "@executable_path/../Frameworks";
				MACOSX_DEPLOYMENT_TARGET = 15.4;
				MARKETING_VERSION = 1.0;
				PRODUCT_BUNDLE_IDENTIFIER = "com.anastasiiatiutinova.barcode-scanner";
				PRODUCT_NAME = "$(TARGET_NAME)";
				REGISTER_APP_GROUPS = YES;
				SDKROOT = auto;
				SUPPORTED_PLATFORMS = "iphoneos iphonesimulator macosx xros xrsimulator";
				SWIFT_EMIT_LOC_STRINGS = YES;
				SWIFT_VERSION = 5.0;
				TARGETED_DEVICE_FAMILY = "1,2,7";
				XROS_DEPLOYMENT_TARGET = 2.4;
			};
			name = Debug;
		};
		526B2D6B2E5774F10051C185 /* Release */ = {
			isa = XCBuildConfiguration;
			buildSettings = {
				ASSETCATALOG_COMPILER_APPICON_NAME = AppIcon;
				ASSETCATALOG_COMPILER_GLOBAL_ACCENT_COLOR_NAME = AccentColor;
				CODE_SIGN_ENTITLEMENTS = barcode_scanner/barcode_scanner.entitlements;
				CODE_SIGN_STYLE = Automatic;
				CURRENT_PROJECT_VERSION = 1;
				DEVELOPMENT_TEAM = 6WBT5SBFY4;
				ENABLE_HARDENED_RUNTIME = YES;
				ENABLE_PREVIEWS = YES;
				GENERATE_INFOPLIST_FILE = YES;
				"INFOPLIST_KEY_UIApplicationSceneManifest_Generation[sdk=iphoneos*]" = YES;
				"INFOPLIST_KEY_UIApplicationSceneManifest_Generation[sdk=iphonesimulator*]" = YES;
				"INFOPLIST_KEY_UIApplicationSupportsIndirectInputEvents[sdk=iphoneos*]" = YES;
				"INFOPLIST_KEY_UIApplicationSupportsIndirectInputEvents[sdk=iphonesimulator*]" = YES;
				"INFOPLIST_KEY_UILaunchScreen_Generation[sdk=iphoneos*]" = YES;
				"INFOPLIST_KEY_UILaunchScreen_Generation[sdk=iphonesimulator*]" = YES;
				"INFOPLIST_KEY_UIStatusBarStyle[sdk=iphoneos*]" = UIStatusBarStyleDefault;
				"INFOPLIST_KEY_UIStatusBarStyle[sdk=iphonesimulator*]" = UIStatusBarStyleDefault;
				INFOPLIST_KEY_UISupportedInterfaceOrientations_iPad = "UIInterfaceOrientationPortrait UIInterfaceOrientationPortraitUpsideDown UIInterfaceOrientationLandscapeLeft UIInterfaceOrientationLandscapeRight";
				INFOPLIST_KEY_UISupportedInterfaceOrientations_iPhone = "UIInterfaceOrientationPortrait UIInterfaceOrientationLandscapeLeft UIInterfaceOrientationLandscapeRight";
				IPHONEOS_DEPLOYMENT_TARGET = 18.4;
				LD_RUNPATH_SEARCH_PATHS = "@executable_path/Frameworks";
				"LD_RUNPATH_SEARCH_PATHS[sdk=macosx*]" = "@executable_path/../Frameworks";
				MACOSX_DEPLOYMENT_TARGET = 15.4;
				MARKETING_VERSION = 1.0;
				PRODUCT_BUNDLE_IDENTIFIER = "com.anastasiiatiutinova.barcode-scanner";
				PRODUCT_NAME = "$(TARGET_NAME)";
				REGISTER_APP_GROUPS = YES;
				SDKROOT = auto;
				SUPPORTED_PLATFORMS = "iphoneos iphonesimulator macosx xros xrsimulator";
				SWIFT_EMIT_LOC_STRINGS = YES;
				SWIFT_VERSION = 5.0;
				TARGETED_DEVICE_FAMILY = "1,2,7";
				XROS_DEPLOYMENT_TARGET = 2.4;
			};
			name = Release;
		};
		526B2D6D2E5774F10051C185 /* Debug */ = {
			isa = XCBuildConfiguration;
			buildSettings = {
				BUNDLE_LOADER = "$(TEST_HOST)";
				CODE_SIGN_STYLE = Automatic;
				CURRENT_PROJECT_VERSION = 1;
				DEVELOPMENT_TEAM = 6WBT5SBFY4;
				GENERATE_INFOPLIST_FILE = YES;
				IPHONEOS_DEPLOYMENT_TARGET = 18.4;
				MACOSX_DEPLOYMENT_TARGET = 15.4;
				MARKETING_VERSION = 1.0;
				PRODUCT_BUNDLE_IDENTIFIER = "com.anastasiiatiutinova.barcode-scannerTests";
				PRODUCT_NAME = "$(TARGET_NAME)";
				SDKROOT = auto;
				SUPPORTED_PLATFORMS = "iphoneos iphonesimulator macosx xros xrsimulator";
				SWIFT_EMIT_LOC_STRINGS = NO;
				SWIFT_VERSION = 5.0;
				TARGETED_DEVICE_FAMILY = "1,2,7";
				TEST_HOST = "$(BUILT_PRODUCTS_DIR)/barcode_scanner.app/$(BUNDLE_EXECUTABLE_FOLDER_PATH)/barcode_scanner";
				XROS_DEPLOYMENT_TARGET = 2.4;
			};
			name = Debug;
		};
		526B2D6E2E5774F10051C185 /* Release */ = {
			isa = XCBuildConfiguration;
			buildSettings = {
				BUNDLE_LOADER = "$(TEST_HOST)";
				CODE_SIGN_STYLE = Automatic;
				CURRENT_PROJECT_VERSION = 1;
				DEVELOPMENT_TEAM = 6WBT5SBFY4;
				GENERATE_INFOPLIST_FILE = YES;
				IPHONEOS_DEPLOYMENT_TARGET = 18.4;
				MACOSX_DEPLOYMENT_TARGET = 15.4;
				MARKETING_VERSION = 1.0;
				PRODUCT_BUNDLE_IDENTIFIER = "com.anastasiiatiutinova.barcode-scannerTests";
				PRODUCT_NAME = "$(TARGET_NAME)";
				SDKROOT = auto;
				SUPPORTED_PLATFORMS = "iphoneos iphonesimulator macosx xros xrsimulator";
				SWIFT_EMIT_LOC_STRINGS = NO;
				SWIFT_VERSION = 5.0;
				TARGETED_DEVICE_FAMILY = "1,2,7";
				TEST_HOST = "$(BUILT_PRODUCTS_DIR)/barcode_scanner.app/$(BUNDLE_EXECUTABLE_FOLDER_PATH)/barcode_scanner";
				XROS_DEPLOYMENT_TARGET = 2.4;
			};
			name = Release;
		};
		526B2D702E5774F10051C185 /* Debug */ = {
			isa = XCBuildConfiguration;
			buildSettings = {
				CODE_SIGN_STYLE = Automatic;
				CURRENT_PROJECT_VERSION = 1;
				DEVELOPMENT_TEAM = 6WBT5SBFY4;
				GENERATE_INFOPLIST_FILE = YES;
				IPHONEOS_DEPLOYMENT_TARGET = 18.4;
				MACOSX_DEPLOYMENT_TARGET = 15.4;
				MARKETING_VERSION = 1.0;
				PRODUCT_BUNDLE_IDENTIFIER = "com.anastasiiatiutinova.barcode-scannerUITests";
				PRODUCT_NAME = "$(TARGET_NAME)";
				SDKROOT = auto;
				SUPPORTED_PLATFORMS = "iphoneos iphonesimulator macosx xros xrsimulator";
				SWIFT_EMIT_LOC_STRINGS = NO;
				SWIFT_VERSION = 5.0;
				TARGETED_DEVICE_FAMILY = "1,2,7";
				TEST_TARGET_NAME = barcode_scanner;
				XROS_DEPLOYMENT_TARGET = 2.4;
			};
			name = Debug;
		};
		526B2D712E5774F10051C185 /* Release */ = {
			isa = XCBuildConfiguration;
			buildSettings = {
				CODE_SIGN_STYLE = Automatic;
				CURRENT_PROJECT_VERSION = 1;
				DEVELOPMENT_TEAM = 6WBT5SBFY4;
				GENERATE_INFOPLIST_FILE = YES;
				IPHONEOS_DEPLOYMENT_TARGET = 18.4;
				MACOSX_DEPLOYMENT_TARGET = 15.4;
				MARKETING_VERSION = 1.0;
				PRODUCT_BUNDLE_IDENTIFIER = "com.anastasiiatiutinova.barcode-scannerUITests";
				PRODUCT_NAME = "$(TARGET_NAME)";
				SDKROOT = auto;
				SUPPORTED_PLATFORMS = "iphoneos iphonesimulator macosx xros xrsimulator";
				SWIFT_EMIT_LOC_STRINGS = NO;
				SWIFT_VERSION = 5.0;
				TARGETED_DEVICE_FAMILY = "1,2,7";
				TEST_TARGET_NAME = barcode_scanner;
				XROS_DEPLOYMENT_TARGET = 2.4;
			};
			name = Release;
		};
/* End XCBuildConfiguration section */

/* Begin XCConfigurationList section */
		526B2D3D2E5774EE0051C185 /* Build configuration list for PBXProject "barcode_scanner" */ = {
			isa = XCConfigurationList;
			buildConfigurations = (
				526B2D672E5774F00051C185 /* Debug */,
				526B2D682E5774F00051C185 /* Release */,
			);
			defaultConfigurationIsVisible = 0;
			defaultConfigurationName = Release;
		};
		526B2D692E5774F10051C185 /* Build configuration list for PBXNativeTarget "barcode_scanner" */ = {
			isa = XCConfigurationList;
			buildConfigurations = (
				526B2D6A2E5774F10051C185 /* Debug */,
				526B2D6B2E5774F10051C185 /* Release */,
			);
			defaultConfigurationIsVisible = 0;
			defaultConfigurationName = Release;
		};
		526B2D6C2E5774F10051C185 /* Build configuration list for PBXNativeTarget "barcode_scannerTests" */ = {
			isa = XCConfigurationList;
			buildConfigurations = (
				526B2D6D2E5774F10051C185 /* Debug */,
				526B2D6E2E5774F10051C185 /* Release */,
			);
			defaultConfigurationIsVisible = 0;
			defaultConfigurationName = Release;
		};
		526B2D6F2E5774F10051C185 /* Build configuration list for PBXNativeTarget "barcode_scannerUITests" */ = {
			isa = XCConfigurationList;
			buildConfigurations = (
				526B2D702E5774F10051C185 /* Debug */,
				526B2D712E5774F10051C185 /* Release */,
			);
			defaultConfigurationIsVisible = 0;
			defaultConfigurationName = Release;
		};
/* End XCConfigurationList section */
	};
	rootObject = 526B2D3A2E5774EE0051C185 /* Project object */;
}
